
Microsoft Visual Studio Solution File, Format Version 12.00
# Visual Studio Version 16
VisualStudioVersion = 16.0.31321.278
MinimumVisualStudioVersion = 10.0.40219.1
Project("{FAE04EC0-301F-11D3-BF4B-00C04F79EFBC}") = "GeneLog.WebApi", "GeneLog.WebApi\GeneLog.WebApi.csproj", "{01F92691-7383-405C-9CA1-E3DE296D0C3A}"
EndProject
Project("{FAE04EC0-301F-11D3-BF4B-00C04F79EFBC}") = "GeneLog.Infrastructure", "GeneLog.Infrastructure\GeneLog.Infrastructure.csproj", "{11B3E755-E477-457C-8D71-7C42286295C8}"
EndProject
Project("{FAE04EC0-301F-11D3-BF4B-00C04F79EFBC}") = "GeneLog.Domain", "GeneLog.Domain\GeneLog.Domain.csproj", "{2D2ADE91-3BC6-4CF1-A406-FE44584885B7}"
EndProject
Project("{2150E333-8FDC-42A3-9474-1A3956D46DE8}") = "src", "src", "{7C825A2C-A2FA-4D6A-8216-254B24EB4430}"
EndProject
Global
	GlobalSection(SolutionConfigurationPlatforms) = preSolution
		Debug|Any CPU = Debug|Any CPU
		Release|Any CPU = Release|Any CPU
	EndGlobalSection
	GlobalSection(ProjectConfigurationPlatforms) = postSolution
		{01F92691-7383-405C-9CA1-E3DE296D0C3A}.Debug|Any CPU.ActiveCfg = Debug|Any CPU
		{01F92691-7383-405C-9CA1-E3DE296D0C3A}.Debug|Any CPU.Build.0 = Debug|Any CPU
		{01F92691-7383-405C-9CA1-E3DE296D0C3A}.Release|Any CPU.ActiveCfg = Release|Any CPU
		{01F92691-7383-405C-9CA1-E3DE296D0C3A}.Release|Any CPU.Build.0 = Release|Any CPU
		{11B3E755-E477-457C-8D71-7C42286295C8}.Debug|Any CPU.ActiveCfg = Debug|Any CPU
		{11B3E755-E477-457C-8D71-7C42286295C8}.Debug|Any CPU.Build.0 = Debug|Any CPU
		{11B3E755-E477-457C-8D71-7C42286295C8}.Release|Any CPU.ActiveCfg = Release|Any CPU
		{11B3E755-E477-457C-8D71-7C42286295C8}.Release|Any CPU.Build.0 = Release|Any CPU
		{2D2ADE91-3BC6-4CF1-A406-FE44584885B7}.Debug|Any CPU.ActiveCfg = Debug|Any CPU
		{2D2ADE91-3BC6-4CF1-A406-FE44584885B7}.Debug|Any CPU.Build.0 = Debug|Any CPU
		{2D2ADE91-3BC6-4CF1-A406-FE44584885B7}.Release|Any CPU.ActiveCfg = Release|Any CPU
		{2D2ADE91-3BC6-4CF1-A406-FE44584885B7}.Release|Any CPU.Build.0 = Release|Any CPU
	EndGlobalSection
	GlobalSection(SolutionProperties) = preSolution
		HideSolutionNode = FALSE
	EndGlobalSection
	GlobalSection(NestedProjects) = preSolution
		{01F92691-7383-405C-9CA1-E3DE296D0C3A} = {7C825A2C-A2FA-4D6A-8216-254B24EB4430}
		{11B3E755-E477-457C-8D71-7C42286295C8} = {7C825A2C-A2FA-4D6A-8216-254B24EB4430}
		{2D2ADE91-3BC6-4CF1-A406-FE44584885B7} = {7C825A2C-A2FA-4D6A-8216-254B24EB4430}
	EndGlobalSection
	GlobalSection(ExtensibilityGlobals) = postSolution
		SolutionGuid = {C63AE8C2-FC1A-4CE7-A091-BA94551346AD}
	EndGlobalSection
EndGlobal
